
Microsoft Visual Studio Solution File, Format Version 12.00
Project("{FAE04EC0-301F-11D3-BF4B-00C04F79EFBC}") = "SpellingCorrector", "SpellingCorrector\SpellingCorrector.csproj", "{64D49C69-8C92-4DE0-B56D-547914165B4E}"
EndProject
Project("{FAE04EC0-301F-11D3-BF4B-00C04F79EFBC}") = "SpellingCorrector.Tests", "SpellingCorrector.Tests\SpellingCorrector.Tests.csproj", "{4DE1E8AD-9A4B-4A8E-B818-DACB9532D99E}"
EndProject
Project("{FAE04EC0-301F-11D3-BF4B-00C04F79EFBC}") = "SpellingCorrector.Benchmarks", "SpellingCorrector.Benchmarks\SpellingCorrector.Benchmarks.csproj", "{A5E81110-017E-4927-AEEA-968C0FC3B4F5}"
EndProject
Global
	GlobalSection(SolutionConfigurationPlatforms) = preSolution
		Debug|Any CPU = Debug|Any CPU
		Release|Any CPU = Release|Any CPU
	EndGlobalSection
	GlobalSection(ProjectConfigurationPlatforms) = postSolution
		{64D49C69-8C92-4DE0-B56D-547914165B4E}.Debug|Any CPU.ActiveCfg = Debug|Any CPU
		{64D49C69-8C92-4DE0-B56D-547914165B4E}.Debug|Any CPU.Build.0 = Debug|Any CPU
		{64D49C69-8C92-4DE0-B56D-547914165B4E}.Release|Any CPU.ActiveCfg = Release|Any CPU
		{64D49C69-8C92-4DE0-B56D-547914165B4E}.Release|Any CPU.Build.0 = Release|Any CPU
		{4DE1E8AD-9A4B-4A8E-B818-DACB9532D99E}.Debug|Any CPU.ActiveCfg = Debug|Any CPU
		{4DE1E8AD-9A4B-4A8E-B818-DACB9532D99E}.Debug|Any CPU.Build.0 = Debug|Any CPU
		{4DE1E8AD-9A4B-4A8E-B818-DACB9532D99E}.Release|Any CPU.ActiveCfg = Release|Any CPU
		{4DE1E8AD-9A4B-4A8E-B818-DACB9532D99E}.Release|Any CPU.Build.0 = Release|Any CPU
		{A5E81110-017E-4927-AEEA-968C0FC3B4F5}.Debug|Any CPU.ActiveCfg = Debug|Any CPU
		{A5E81110-017E-4927-AEEA-968C0FC3B4F5}.Debug|Any CPU.Build.0 = Debug|Any CPU
		{A5E81110-017E-4927-AEEA-968C0FC3B4F5}.Release|Any CPU.ActiveCfg = Release|Any CPU
		{A5E81110-017E-4927-AEEA-968C0FC3B4F5}.Release|Any CPU.Build.0 = Release|Any CPU
	EndGlobalSection
EndGlobal
